
Microsoft Visual Studio Solution File, Format Version 12.00
# Visual Studio Version 17
VisualStudioVersion = 17.7.34031.279
MinimumVisualStudioVersion = 10.0.40219.1
Project("{9A19103F-16F7-4668-BE54-9A1E7A4F7556}") = "Oběšenec_třídy", "Oběšenec_třídy.csproj", "{950EFDD8-B227-43DF-AC0B-15044B2A6B70}"
EndProject
Global
	GlobalSection(SolutionConfigurationPlatforms) = preSolution
		Debug|Any CPU = Debug|Any CPU
		Release|Any CPU = Release|Any CPU
	EndGlobalSection
	GlobalSection(ProjectConfigurationPlatforms) = postSolution
		{950EFDD8-B227-43DF-AC0B-15044B2A6B70}.Debug|Any CPU.ActiveCfg = Debug|Any CPU
		{950EFDD8-B227-43DF-AC0B-15044B2A6B70}.Debug|Any CPU.Build.0 = Debug|Any CPU
		{950EFDD8-B227-43DF-AC0B-15044B2A6B70}.Release|Any CPU.ActiveCfg = Release|Any CPU
		{950EFDD8-B227-43DF-AC0B-15044B2A6B70}.Release|Any CPU.Build.0 = Release|Any CPU
	EndGlobalSection
	GlobalSection(SolutionProperties) = preSolution
		HideSolutionNode = FALSE
	EndGlobalSection
	GlobalSection(ExtensibilityGlobals) = postSolution
		SolutionGuid = {0818EE18-BCF4-4A2E-8808-58951A43884E}
	EndGlobalSection
EndGlobal
